
Microsoft Visual Studio Solution File, Format Version 12.00
# Visual Studio Version 16
VisualStudioVersion = 16.0.31205.134
MinimumVisualStudioVersion = 10.0.40219.1
Project("{FAE04EC0-301F-11D3-BF4B-00C04F79EFBC}") = "SpringDotnetDemo", "SpringDotnetDemo\SpringDotnetDemo.csproj", "{24DED641-534E-444E-9C3B-77E6AEF67D17}"
EndProject
Global
	GlobalSection(SolutionConfigurationPlatforms) = preSolution
		Debug|Any CPU = Debug|Any CPU
		Release|Any CPU = Release|Any CPU
	EndGlobalSection
	GlobalSection(ProjectConfigurationPlatforms) = postSolution
		{24DED641-534E-444E-9C3B-77E6AEF67D17}.Debug|Any CPU.ActiveCfg = Debug|Any CPU
		{24DED641-534E-444E-9C3B-77E6AEF67D17}.Debug|Any CPU.Build.0 = Debug|Any CPU
		{24DED641-534E-444E-9C3B-77E6AEF67D17}.Release|Any CPU.ActiveCfg = Release|Any CPU
		{24DED641-534E-444E-9C3B-77E6AEF67D17}.Release|Any CPU.Build.0 = Release|Any CPU
	EndGlobalSection
	GlobalSection(SolutionProperties) = preSolution
		HideSolutionNode = FALSE
	EndGlobalSection
	GlobalSection(ExtensibilityGlobals) = postSolution
		SolutionGuid = {15A57889-6BB5-4D10-A96F-2F1A2065B791}
	EndGlobalSection
EndGlobal
