
Microsoft Visual Studio Solution File, Format Version 12.00
# Visual Studio Version 17
VisualStudioVersion = 17.0.32002.185
MinimumVisualStudioVersion = 10.0.40219.1
Project("{FAE04EC0-301F-11D3-BF4B-00C04F79EFBC}") = "RedisDemo", "RedisDemo\RedisDemo.csproj", "{5A4F18A7-F558-4AE8-9A48-CA5BEACE04AF}"
EndProject
Global
	GlobalSection(SolutionConfigurationPlatforms) = preSolution
		Debug|Any CPU = Debug|Any CPU
		Release|Any CPU = Release|Any CPU
	EndGlobalSection
	GlobalSection(ProjectConfigurationPlatforms) = postSolution
		{5A4F18A7-F558-4AE8-9A48-CA5BEACE04AF}.Debug|Any CPU.ActiveCfg = Debug|Any CPU
		{5A4F18A7-F558-4AE8-9A48-CA5BEACE04AF}.Debug|Any CPU.Build.0 = Debug|Any CPU
		{5A4F18A7-F558-4AE8-9A48-CA5BEACE04AF}.Release|Any CPU.ActiveCfg = Release|Any CPU
		{5A4F18A7-F558-4AE8-9A48-CA5BEACE04AF}.Release|Any CPU.Build.0 = Release|Any CPU
	EndGlobalSection
	GlobalSection(SolutionProperties) = preSolution
		HideSolutionNode = FALSE
	EndGlobalSection
	GlobalSection(ExtensibilityGlobals) = postSolution
		SolutionGuid = {80EF4EF8-B7E7-41FE-AD01-118D69C5945E}
	EndGlobalSection
EndGlobal
