
Microsoft Visual Studio Solution File, Format Version 12.00
# Visual Studio Version 17
VisualStudioVersion = 17.0.32002.185
MinimumVisualStudioVersion = 10.0.40219.1
Project("{FAE04EC0-301F-11D3-BF4B-00C04F79EFBC}") = "ProbingPathsDemo", "ProbingPathsDemo\ProbingPathsDemo.csproj", "{C9110EF1-B1A6-4F94-9541-DEC326D0AC2F}"
EndProject
Global
	GlobalSection(SolutionConfigurationPlatforms) = preSolution
		Debug|Any CPU = Debug|Any CPU
		Release|Any CPU = Release|Any CPU
	EndGlobalSection
	GlobalSection(ProjectConfigurationPlatforms) = postSolution
		{C9110EF1-B1A6-4F94-9541-DEC326D0AC2F}.Debug|Any CPU.ActiveCfg = Debug|Any CPU
		{C9110EF1-B1A6-4F94-9541-DEC326D0AC2F}.Debug|Any CPU.Build.0 = Debug|Any CPU
		{C9110EF1-B1A6-4F94-9541-DEC326D0AC2F}.Release|Any CPU.ActiveCfg = Release|Any CPU
		{C9110EF1-B1A6-4F94-9541-DEC326D0AC2F}.Release|Any CPU.Build.0 = Release|Any CPU
	EndGlobalSection
	GlobalSection(SolutionProperties) = preSolution
		HideSolutionNode = FALSE
	EndGlobalSection
	GlobalSection(ExtensibilityGlobals) = postSolution
		SolutionGuid = {60D457F6-165B-437C-BD84-A4BFC0A5FEA2}
	EndGlobalSection
EndGlobal
